// !$*UTF8*$!
{
	archiveVersion = 1;
	classes = {
	};
	objectVersion = 50;
	objects = {

/* Begin PBXBuildFile section */
		B6548A772394408C0096018E /* AppDelegate.swift in Sources */ = {isa = PBXBuildFile; fileRef = B6548A762394408C0096018E /* AppDelegate.swift */; };
		B6548A792394408C0096018E /* SceneDelegate.swift in Sources */ = {isa = PBXBuildFile; fileRef = B6548A782394408C0096018E /* SceneDelegate.swift */; };
		B6548A7B2394408C0096018E /* ViewController.swift in Sources */ = {isa = PBXBuildFile; fileRef = B6548A7A2394408C0096018E /* ViewController.swift */; };
		B6548A7E2394408C0096018E /* Main.storyboard in Resources */ = {isa = PBXBuildFile; fileRef = B6548A7C2394408C0096018E /* Main.storyboard */; };
		B6548A802394408D0096018E /* Assets.xcassets in Resources */ = {isa = PBXBuildFile; fileRef = B6548A7F2394408D0096018E /* Assets.xcassets */; };
		B6548A832394408D0096018E /* LaunchScreen.storyboard in Resources */ = {isa = PBXBuildFile; fileRef = B6548A812394408D0096018E /* LaunchScreen.storyboard */; };
		B6548A92239456C70096018E /* A.wav in Resources */ = {isa = PBXBuildFile; fileRef = B6548A8B239456C70096018E /* A.wav */; };
		B6548A93239456C70096018E /* C.wav in Resources */ = {isa = PBXBuildFile; fileRef = B6548A8C239456C70096018E /* C.wav */; };
		B6548A94239456C70096018E /* B.wav in Resources */ = {isa = PBXBuildFile; fileRef = B6548A8D239456C70096018E /* B.wav */; };
		B6548A95239456C70096018E /* F.wav in Resources */ = {isa = PBXBuildFile; fileRef = B6548A8E239456C70096018E /* F.wav */; };
		B6548A96239456C70096018E /* G.wav in Resources */ = {isa = PBXBuildFile; fileRef = B6548A8F239456C70096018E /* G.wav */; };
		B6548A97239456C70096018E /* E.wav in Resources */ = {isa = PBXBuildFile; fileRef = B6548A90239456C70096018E /* E.wav */; };
		B6548A98239456C70096018E /* D.wav in Resources */ = {isa = PBXBuildFile; fileRef = B6548A91239456C70096018E /* D.wav */; };
/* End PBXBuildFile section */

/* Begin PBXFileReference section */
		B6548A732394408C0096018E /* Xylophone.app */ = {isa = PBXFileReference; explicitFileType = wrapper.application; includeInIndex = 0; path = Xylophone.app; sourceTree = BUILT_PRODUCTS_DIR; };
		B6548A762394408C0096018E /* AppDelegate.swift */ = {isa = PBXFileReference; lastKnownFileType = sourcecode.swift; path = AppDelegate.swift; sourceTree = "<group>"; };
		B6548A782394408C0096018E /* SceneDelegate.swift */ = {isa = PBXFileReference; lastKnownFileType = sourcecode.swift; path = SceneDelegate.swift; sourceTree = "<group>"; };
		B6548A7A2394408C0096018E /* ViewController.swift */ = {isa = PBXFileReference; lastKnownFileType = sourcecode.swift; path = ViewController.swift; sourceTree = "<group>"; };
		B6548A7D2394408C0096018E /* Base */ = {isa = PBXFileReference; lastKnownFileType = file.storyboard; name = Base; path = Base.lproj/Main.storyboard; sourceTree = "<group>"; };
		B6548A7F2394408D0096018E /* Assets.xcassets */ = {isa = PBXFileReference; lastKnownFileType = folder.assetcatalog; path = Assets.xcassets; sourceTree = "<group>"; };
		B6548A822394408D0096018E /* Base */ = {isa = PBXFileReference; lastKnownFileType = file.storyboard; name = Base; path = Base.lproj/LaunchScreen.storyboard; sourceTree = "<group>"; };
		B6548A842394408D0096018E /* Info.plist */ = {isa = PBXFileReference; lastKnownFileType = text.plist.xml; path = Info.plist; sourceTree = "<group>"; };
		B6548A8B239456C70096018E /* A.wav */ = {isa = PBXFileReference; lastKnownFileType = audio.wav; path = A.wav; sourceTree = "<group>"; };
		B6548A8C239456C70096018E /* C.wav */ = {isa = PBXFileReference; lastKnownFileType = audio.wav; path = C.wav; sourceTree = "<group>"; };
		B6548A8D239456C70096018E /* B.wav */ = {isa = PBXFileReference; lastKnownFileType = audio.wav; path = B.wav; sourceTree = "<group>"; };
		B6548A8E239456C70096018E /* F.wav */ = {isa = PBXFileReference; lastKnownFileType = audio.wav; path = F.wav; sourceTree = "<group>"; };
		B6548A8F239456C70096018E /* G.wav */ = {isa = PBXFileReference; lastKnownFileType = audio.wav; path = G.wav; sourceTree = "<group>"; };
		B6548A90239456C70096018E /* E.wav */ = {isa = PBXFileReference; lastKnownFileType = audio.wav; path = E.wav; sourceTree = "<group>"; };
		B6548A91239456C70096018E /* D.wav */ = {isa = PBXFileReference; lastKnownFileType = audio.wav; path = D.wav; sourceTree = "<group>"; };
/* End PBXFileReference section */

/* Begin PBXFrameworksBuildPhase section */
		B6548A702394408C0096018E /* Frameworks */ = {
			isa = PBXFrameworksBuildPhase;
			buildActionMask = 2147483647;
			files = (
			);
			runOnlyForDeploymentPostprocessing = 0;
		};
/* End PBXFrameworksBuildPhase section */

/* Begin PBXGroup section */
		B6548A6A2394408C0096018E = {
			isa = PBXGroup;
			children = (
				B6548A752394408C0096018E /* Xylophone */,
				B6548A8A239456C70096018E /* Sounds */,
				B6548A742394408C0096018E /* Products */,
			);
			sourceTree = "<group>";
		};
		B6548A742394408C0096018E /* Products */ = {
			isa = PBXGroup;
			children = (
				B6548A732394408C0096018E /* Xylophone.app */,
			);
			name = Products;
			sourceTree = "<group>";
		};
		B6548A752394408C0096018E /* Xylophone */ = {
			isa = PBXGroup;
			children = (
				B6548A762394408C0096018E /* AppDelegate.swift */,
				B6548A782394408C0096018E /* SceneDelegate.swift */,
				B6548A7A2394408C0096018E /* ViewController.swift */,
				B6548A7C2394408C0096018E /* Main.storyboard */,
				B6548A7F2394408D0096018E /* Assets.xcassets */,
				B6548A812394408D0096018E /* LaunchScreen.storyboard */,
				B6548A842394408D0096018E /* Info.plist */,
			);
			path = Xylophone;
			sourceTree = "<group>";
		};
		B6548A8A239456C70096018E /* Sounds */ = {
			isa = PBXGroup;
			children = (
				B6548A8B239456C70096018E /* A.wav */,
				B6548A8C239456C70096018E /* C.wav */,
				B6548A8D239456C70096018E /* B.wav */,
				B6548A8E239456C70096018E /* F.wav */,
				B6548A8F239456C70096018E /* G.wav */,
				B6548A90239456C70096018E /* E.wav */,
				B6548A91239456C70096018E /* D.wav */,
			);
			path = Sounds;
			sourceTree = SOURCE_ROOT;
		};
/* End PBXGroup section */

/* Begin PBXNativeTarget section */
		B6548A722394408C0096018E /* Xylophone */ = {
			isa = PBXNativeTarget;
			buildConfigurationList = B6548A872394408D0096018E /* Build configuration list for PBXNativeTarget "Xylophone" */;
			buildPhases = (
				B6548A6F2394408C0096018E /* Sources */,
				B6548A702394408C0096018E /* Frameworks */,
				B6548A712394408C0096018E /* Resources */,
			);
			buildRules = (
			);
			dependencies = (
			);
			name = Xylophone;
			productName = Xylophone;
			productReference = B6548A732394408C0096018E /* Xylophone.app */;
			productType = "com.apple.product-type.application";
		};
/* End PBXNativeTarget section */

/* Begin PBXProject section */
		B6548A6B2394408C0096018E /* Project object */ = {
			isa = PBXProject;
			attributes = {
				LastSwiftUpdateCheck = 1120;
				LastUpgradeCheck = 1120;
				ORGANIZATIONNAME = "Dinesh Danda";
				TargetAttributes = {
					B6548A722394408C0096018E = {
						CreatedOnToolsVersion = 11.2.1;
					};
				};
			};
			buildConfigurationList = B6548A6E2394408C0096018E /* Build configuration list for PBXProject "Xylophone" */;
			compatibilityVersion = "Xcode 9.3";
			developmentRegion = en;
			hasScannedForEncodings = 0;
			knownRegions = (
				en,
				Base,
			);
			mainGroup = B6548A6A2394408C0096018E;
			productRefGroup = B6548A742394408C0096018E /* Products */;
			projectDirPath = "";
			projectRoot = "";
			targets = (
				B6548A722394408C0096018E /* Xylophone */,
			);
		};
/* End PBXProject section */

/* Begin PBXResourcesBuildPhase section */
		B6548A712394408C0096018E /* Resources */ = {
			isa = PBXResourcesBuildPhase;
			buildActionMask = 2147483647;
			files = (
				B6548A96239456C70096018E /* G.wav in Resources */,
				B6548A832394408D0096018E /* LaunchScreen.storyboard in Resources */,
				B6548A95239456C70096018E /* F.wav in Resources */,
				B6548A802394408D0096018E /* Assets.xcassets in Resources */,
				B6548A92239456C70096018E /* A.wav in Resources */,
				B6548A94239456C70096018E /* B.wav in Resources */,
				B6548A97239456C70096018E /* E.wav in Resources */,
				B6548A98239456C70096018E /* D.wav in Resources */,
				B6548A7E2394408C0096018E /* Main.storyboard in Resources */,
				B6548A93239456C70096018E /* C.wav in Resources */,
			);
			runOnlyForDeploymentPostprocessing = 0;
		};
/* End PBXResourcesBuildPhase section */

/* Begin PBXSourcesBuildPhase section */
		B6548A6F2394408C0096018E /* Sources */ = {
			isa = PBXSourcesBuildPhase;
			buildActionMask = 2147483647;
			files = (
				B6548A7B2394408C0096018E /* ViewController.swift in Sources */,
				B6548A772394408C0096018E /* AppDelegate.swift in Sources */,
				B6548A792394408C0096018E /* SceneDelegate.swift in Sources */,
			);
			runOnlyForDeploymentPostprocessing = 0;
		};
/* End PBXSourcesBuildPhase section */

/* Begin PBXVariantGroup section */
		B6548A7C2394408C0096018E /* Main.storyboard */ = {
			isa = PBXVariantGroup;
			children = (
				B6548A7D2394408C0096018E /* Base */,
			);
			name = Main.storyboard;
			sourceTree = "<group>";
		};
		B6548A812394408D0096018E /* LaunchScreen.storyboard */ = {
			isa = PBXVariantGroup;
			children = (
				B6548A822394408D0096018E /* Base */,
			);
			name = LaunchScreen.storyboard;
			sourceTree = "<group>";
		};
/* End PBXVariantGroup section */

/* Begin XCBuildConfiguration section */
		B6548A852394408D0096018E /* Debug */ = {
			isa = XCBuildConfiguration;
			buildSettings = {
				ALWAYS_SEARCH_USER_PATHS = NO;
				CLANG_ANALYZER_NONNULL = YES;
				CLANG_ANALYZER_NUMBER_OBJECT_CONVERSION = YES_AGGRESSIVE;
				CLANG_CXX_LANGUAGE_STANDARD = "gnu++14";
				CLANG_CXX_LIBRARY = "libc++";
				CLANG_ENABLE_MODULES = YES;
				CLANG_ENABLE_OBJC_ARC = YES;
				CLANG_ENABLE_OBJC_WEAK = YES;
				CLANG_WARN_BLOCK_CAPTURE_AUTORELEASING = YES;
				CLANG_WARN_BOOL_CONVERSION = YES;
				CLANG_WARN_COMMA = YES;
				CLANG_WARN_CONSTANT_CONVERSION = YES;
				CLANG_WARN_DEPRECATED_OBJC_IMPLEMENTATIONS = YES;
				CLANG_WARN_DIRECT_OBJC_ISA_USAGE = YES_ERROR;
				CLANG_WARN_DOCUMENTATION_COMMENTS = YES;
				CLANG_WARN_EMPTY_BODY = YES;
				CLANG_WARN_ENUM_CONVERSION = YES;
				CLANG_WARN_INFINITE_RECURSION = YES;
				CLANG_WARN_INT_CONVERSION = YES;
				CLANG_WARN_NON_LITERAL_NULL_CONVERSION = YES;
				CLANG_WARN_OBJC_IMPLICIT_RETAIN_SELF = YES;
				CLANG_WARN_OBJC_LITERAL_CONVERSION = YES;
				CLANG_WARN_OBJC_ROOT_CLASS = YES_ERROR;
				CLANG_WARN_RANGE_LOOP_ANALYSIS = YES;
				CLANG_WARN_STRICT_PROTOTYPES = YES;
				CLANG_WARN_SUSPICIOUS_MOVE = YES;
				CLANG_WARN_UNGUARDED_AVAILABILITY = YES_AGGRESSIVE;
				CLANG_WARN_UNREACHABLE_CODE = YES;
				CLANG_WARN__DUPLICATE_METHOD_MATCH = YES;
				COPY_PHASE_STRIP = NO;
				DEBUG_INFORMATION_FORMAT = dwarf;
				ENABLE_STRICT_OBJC_MSGSEND = YES;
				ENABLE_TESTABILITY = YES;
				GCC_C_LANGUAGE_STANDARD = gnu11;
				GCC_DYNAMIC_NO_PIC = NO;
				GCC_NO_COMMON_BLOCKS = YES;
				GCC_OPTIMIZATION_LEVEL = 0;
				GCC_PREPROCESSOR_DEFINITIONS = (
					"DEBUG=1",
					"$(inherited)",
				);
				GCC_WARN_64_TO_32_BIT_CONVERSION = YES;
				GCC_WARN_ABOUT_RETURN_TYPE = YES_ERROR;
				GCC_WARN_UNDECLARED_SELECTOR = YES;
				GCC_WARN_UNINITIALIZED_AUTOS = YES_AGGRESSIVE;
				GCC_WARN_UNUSED_FUNCTION = YES;
				GCC_WARN_UNUSED_VARIABLE = YES;
				IPHONEOS_DEPLOYMENT_TARGET = 13.2;
				MTL_ENABLE_DEBUG_INFO = INCLUDE_SOURCE;
				MTL_FAST_MATH = YES;
				ONLY_ACTIVE_ARCH = YES;
				SDKROOT = iphoneos;
				SWIFT_ACTIVE_COMPILATION_CONDITIONS = DEBUG;
				SWIFT_OPTIMIZATION_LEVEL = "-Onone";
			};
			name = Debug;
		};
		B6548A862394408D0096018E /* Release */ = {
			isa = XCBuildConfiguration;
			buildSettings = {
				ALWAYS_SEARCH_USER_PATHS = NO;
				CLANG_ANALYZER_NONNULL = YES;
				CLANG_ANALYZER_NUMBER_OBJECT_CONVERSION = YES_AGGRESSIVE;
				CLANG_CXX_LANGUAGE_STANDARD = "gnu++14";
				CLANG_CXX_LIBRARY = "libc++";
				CLANG_ENABLE_MODULES = YES;
				CLANG_ENABLE_OBJC_ARC = YES;
				CLANG_ENABLE_OBJC_WEAK = YES;
				CLANG_WARN_BLOCK_CAPTURE_AUTORELEASING = YES;
				CLANG_WARN_BOOL_CONVERSION = YES;
				CLANG_WARN_COMMA = YES;
				CLANG_WARN_CONSTANT_CONVERSION = YES;
				CLANG_WARN_DEPRECATED_OBJC_IMPLEMENTATIONS = YES;
				CLANG_WARN_DIRECT_OBJC_ISA_USAGE = YES_ERROR;
				CLANG_WARN_DOCUMENTATION_COMMENTS = YES;
				CLANG_WARN_EMPTY_BODY = YES;
				CLANG_WARN_ENUM_CONVERSION = YES;
				CLANG_WARN_INFINITE_RECURSION = YES;
				CLANG_WARN_INT_CONVERSION = YES;
				CLANG_WARN_NON_LITERAL_NULL_CONVERSION = YES;
				CLANG_WARN_OBJC_IMPLICIT_RETAIN_SELF = YES;
				CLANG_WARN_OBJC_LITERAL_CONVERSION = YES;
				CLANG_WARN_OBJC_ROOT_CLASS = YES_ERROR;
				CLANG_WARN_RANGE_LOOP_ANALYSIS = YES;
				CLANG_WARN_STRICT_PROTOTYPES = YES;
				CLANG_WARN_SUSPICIOUS_MOVE = YES;
				CLANG_WARN_UNGUARDED_AVAILABILITY = YES_AGGRESSIVE;
				CLANG_WARN_UNREACHABLE_CODE = YES;
				CLANG_WARN__DUPLICATE_METHOD_MATCH = YES;
				COPY_PHASE_STRIP = NO;
				DEBUG_INFORMATION_FORMAT = "dwarf-with-dsym";
				ENABLE_NS_ASSERTIONS = NO;
				ENABLE_STRICT_OBJC_MSGSEND = YES;
				GCC_C_LANGUAGE_STANDARD = gnu11;
				GCC_NO_COMMON_BLOCKS = YES;
				GCC_WARN_64_TO_32_BIT_CONVERSION = YES;
				GCC_WARN_ABOUT_RETURN_TYPE = YES_ERROR;
				GCC_WARN_UNDECLARED_SELECTOR = YES;
				GCC_WARN_UNINITIALIZED_AUTOS = YES_AGGRESSIVE;
				GCC_WARN_UNUSED_FUNCTION = YES;
				GCC_WARN_UNUSED_VARIABLE = YES;
				IPHONEOS_DEPLOYMENT_TARGET = 13.2;
				MTL_ENABLE_DEBUG_INFO = NO;
				MTL_FAST_MATH = YES;
				SDKROOT = iphoneos;
				SWIFT_COMPILATION_MODE = wholemodule;
				SWIFT_OPTIMIZATION_LEVEL = "-O";
				VALIDATE_PRODUCT = YES;
			};
			name = Release;
		};
		B6548A882394408D0096018E /* Debug */ = {
			isa = XCBuildConfiguration;
			buildSettings = {
				ASSETCATALOG_COMPILER_APPICON_NAME = AppIcon;
				CODE_SIGN_STYLE = Automatic;
				DEVELOPMENT_TEAM = EEGRNAPU89;
				INFOPLIST_FILE = Xylophone/Info.plist;
				LD_RUNPATH_SEARCH_PATHS = (
					"$(inherited)",
					"@executable_path/Frameworks",
				);
				PRODUCT_BUNDLE_IDENTIFIER = com.Xylophone;
				PRODUCT_NAME = "$(TARGET_NAME)";
				SWIFT_VERSION = 5.0;
				TARGETED_DEVICE_FAMILY = "1,2";
			};
			name = Debug;
		};
		B6548A892394408D0096018E /* Release */ = {
			isa = XCBuildConfiguration;
			buildSettings = {
				ASSETCATALOG_COMPILER_APPICON_NAME = AppIcon;
				CODE_SIGN_STYLE = Automatic;
				DEVELOPMENT_TEAM = EEGRNAPU89;
				INFOPLIST_FILE = Xylophone/Info.plist;
				LD_RUNPATH_SEARCH_PATHS = (
					"$(inherited)",
					"@executable_path/Frameworks",
				);
				PRODUCT_BUNDLE_IDENTIFIER = com.Xylophone;
				PRODUCT_NAME = "$(TARGET_NAME)";
				SWIFT_VERSION = 5.0;
				TARGETED_DEVICE_FAMILY = "1,2";
			};
			name = Release;
		};
/* End XCBuildConfiguration section */

/* Begin XCConfigurationList section */
		B6548A6E2394408C0096018E /* Build configuration list for PBXProject "Xylophone" */ = {
			isa = XCConfigurationList;
			buildConfigurations = (
				B6548A852394408D0096018E /* Debug */,
				B6548A862394408D0096018E /* Release */,
			);
			defaultConfigurationIsVisible = 0;
			defaultConfigurationName = Release;
		};
		B6548A872394408D0096018E /* Build configuration list for PBXNativeTarget "Xylophone" */ = {
			isa = XCConfigurationList;
			buildConfigurations = (
				B6548A882394408D0096018E /* Debug */,
				B6548A892394408D0096018E /* Release */,
			);
			defaultConfigurationIsVisible = 0;
			defaultConfigurationName = Release;
		};
/* End XCConfigurationList section */
	};
	rootObject = B6548A6B2394408C0096018E /* Project object */;
}
